
Microsoft Visual Studio Solution File, Format Version 12.00
# Visual Studio Version 16
VisualStudioVersion = 16.0.30011.22
MinimumVisualStudioVersion = 10.0.40219.1
Project("{FAE04EC0-301F-11D3-BF4B-00C04F79EFBC}") = "SensorSimulationForm", "SensorSimulationForm\SensorSimulationForm.csproj", "{87C88028-6EBE-4069-8FAB-9BF51F28E214}"
EndProject
Project("{9A19103F-16F7-4668-BE54-9A1E7A4F7556}") = "SensorSimulationForm.Data", "SensorSimulationForm.Data\SensorSimulationForm.Data.csproj", "{C702E9EA-5ABE-4967-B3F4-5A84D0C5AE8A}"
EndProject
Project("{9A19103F-16F7-4668-BE54-9A1E7A4F7556}") = "SensorSimulationForm.Models", "SensorSimulationForm.Models\SensorSimulationForm.Models.csproj", "{76DC9FEB-2F12-4C11-B0ED-68A995F15716}"
EndProject
Global
	GlobalSection(SolutionConfigurationPlatforms) = preSolution
		Debug|Any CPU = Debug|Any CPU
		Release|Any CPU = Release|Any CPU
	EndGlobalSection
	GlobalSection(ProjectConfigurationPlatforms) = postSolution
		{87C88028-6EBE-4069-8FAB-9BF51F28E214}.Debug|Any CPU.ActiveCfg = Debug|Any CPU
		{87C88028-6EBE-4069-8FAB-9BF51F28E214}.Debug|Any CPU.Build.0 = Debug|Any CPU
		{87C88028-6EBE-4069-8FAB-9BF51F28E214}.Release|Any CPU.ActiveCfg = Release|Any CPU
		{87C88028-6EBE-4069-8FAB-9BF51F28E214}.Release|Any CPU.Build.0 = Release|Any CPU
		{C702E9EA-5ABE-4967-B3F4-5A84D0C5AE8A}.Debug|Any CPU.ActiveCfg = Debug|Any CPU
		{C702E9EA-5ABE-4967-B3F4-5A84D0C5AE8A}.Debug|Any CPU.Build.0 = Debug|Any CPU
		{C702E9EA-5ABE-4967-B3F4-5A84D0C5AE8A}.Release|Any CPU.ActiveCfg = Release|Any CPU
		{C702E9EA-5ABE-4967-B3F4-5A84D0C5AE8A}.Release|Any CPU.Build.0 = Release|Any CPU
		{76DC9FEB-2F12-4C11-B0ED-68A995F15716}.Debug|Any CPU.ActiveCfg = Debug|Any CPU
		{76DC9FEB-2F12-4C11-B0ED-68A995F15716}.Debug|Any CPU.Build.0 = Debug|Any CPU
		{76DC9FEB-2F12-4C11-B0ED-68A995F15716}.Release|Any CPU.ActiveCfg = Release|Any CPU
		{76DC9FEB-2F12-4C11-B0ED-68A995F15716}.Release|Any CPU.Build.0 = Release|Any CPU
	EndGlobalSection
	GlobalSection(SolutionProperties) = preSolution
		HideSolutionNode = FALSE
	EndGlobalSection
	GlobalSection(ExtensibilityGlobals) = postSolution
		SolutionGuid = {3BF2F7F7-1093-4BB9-9FCC-42A925DB0EEB}
	EndGlobalSection
EndGlobal
